
Microsoft Visual Studio Solution File, Format Version 12.00
# Visual Studio Version 16
VisualStudioVersion = 16.0.30804.86
MinimumVisualStudioVersion = 10.0.40219.1
Project("{8BC9CEB8-8B4A-11D0-8D11-00A0C91BC942}") = "백준 2460", "백준 2460\백준 2460.vcxproj", "{D40846F1-9419-4AE6-87C6-D0D774DEEDEB}"
EndProject
Global
	GlobalSection(SolutionConfigurationPlatforms) = preSolution
		Debug|x64 = Debug|x64
		Debug|x86 = Debug|x86
		Release|x64 = Release|x64
		Release|x86 = Release|x86
	EndGlobalSection
	GlobalSection(ProjectConfigurationPlatforms) = postSolution
		{D40846F1-9419-4AE6-87C6-D0D774DEEDEB}.Debug|x64.ActiveCfg = Debug|x64
		{D40846F1-9419-4AE6-87C6-D0D774DEEDEB}.Debug|x64.Build.0 = Debug|x64
		{D40846F1-9419-4AE6-87C6-D0D774DEEDEB}.Debug|x86.ActiveCfg = Debug|Win32
		{D40846F1-9419-4AE6-87C6-D0D774DEEDEB}.Debug|x86.Build.0 = Debug|Win32
		{D40846F1-9419-4AE6-87C6-D0D774DEEDEB}.Release|x64.ActiveCfg = Release|x64
		{D40846F1-9419-4AE6-87C6-D0D774DEEDEB}.Release|x64.Build.0 = Release|x64
		{D40846F1-9419-4AE6-87C6-D0D774DEEDEB}.Release|x86.ActiveCfg = Release|Win32
		{D40846F1-9419-4AE6-87C6-D0D774DEEDEB}.Release|x86.Build.0 = Release|Win32
	EndGlobalSection
	GlobalSection(SolutionProperties) = preSolution
		HideSolutionNode = FALSE
	EndGlobalSection
	GlobalSection(ExtensibilityGlobals) = postSolution
		SolutionGuid = {2A4F6DB0-C5E7-4549-BDA3-7CF4A5B67974}
	EndGlobalSection
EndGlobal
