
Microsoft Visual Studio Solution File, Format Version 12.00
# Visual Studio Version 16
VisualStudioVersion = 16.0.30804.86
MinimumVisualStudioVersion = 10.0.40219.1
Project("{8BC9CEB8-8B4A-11D0-8D11-00A0C91BC942}") = "MuSeongT's Lesson", "MuSeongT's Lesson\MuSeongT's Lesson.vcxproj", "{C2150A2A-7B61-4574-BAA2-432B9248D1F0}"
EndProject
Global
	GlobalSection(SolutionConfigurationPlatforms) = preSolution
		Debug|x64 = Debug|x64
		Debug|x86 = Debug|x86
		Release|x64 = Release|x64
		Release|x86 = Release|x86
	EndGlobalSection
	GlobalSection(ProjectConfigurationPlatforms) = postSolution
		{C2150A2A-7B61-4574-BAA2-432B9248D1F0}.Debug|x64.ActiveCfg = Debug|x64
		{C2150A2A-7B61-4574-BAA2-432B9248D1F0}.Debug|x64.Build.0 = Debug|x64
		{C2150A2A-7B61-4574-BAA2-432B9248D1F0}.Debug|x86.ActiveCfg = Debug|Win32
		{C2150A2A-7B61-4574-BAA2-432B9248D1F0}.Debug|x86.Build.0 = Debug|Win32
		{C2150A2A-7B61-4574-BAA2-432B9248D1F0}.Release|x64.ActiveCfg = Release|x64
		{C2150A2A-7B61-4574-BAA2-432B9248D1F0}.Release|x64.Build.0 = Release|x64
		{C2150A2A-7B61-4574-BAA2-432B9248D1F0}.Release|x86.ActiveCfg = Release|Win32
		{C2150A2A-7B61-4574-BAA2-432B9248D1F0}.Release|x86.Build.0 = Release|Win32
	EndGlobalSection
	GlobalSection(SolutionProperties) = preSolution
		HideSolutionNode = FALSE
	EndGlobalSection
	GlobalSection(ExtensibilityGlobals) = postSolution
		SolutionGuid = {BB2A7577-B2E4-456D-B4A2-EB18616732B5}
	EndGlobalSection
EndGlobal
